
Microsoft Visual Studio Solution File, Format Version 12.00
# Visual Studio 15
VisualStudioVersion = 15.0.28010.2003
MinimumVisualStudioVersion = 10.0.40219.1
Project("{FAE04EC0-301F-11D3-BF4B-00C04F79EFBC}") = "GS619WebApp", "GS619WebApp\GS619WebApp.csproj", "{D05C7F16-590C-4FE8-A5E2-AACBD56ABABD}"
EndProject
Global
	GlobalSection(SolutionConfigurationPlatforms) = preSolution
		Debug|Any CPU = Debug|Any CPU
		Release|Any CPU = Release|Any CPU
	EndGlobalSection
	GlobalSection(ProjectConfigurationPlatforms) = postSolution
		{D05C7F16-590C-4FE8-A5E2-AACBD56ABABD}.Debug|Any CPU.ActiveCfg = Debug|Any CPU
		{D05C7F16-590C-4FE8-A5E2-AACBD56ABABD}.Debug|Any CPU.Build.0 = Debug|Any CPU
		{D05C7F16-590C-4FE8-A5E2-AACBD56ABABD}.Release|Any CPU.ActiveCfg = Release|Any CPU
		{D05C7F16-590C-4FE8-A5E2-AACBD56ABABD}.Release|Any CPU.Build.0 = Release|Any CPU
	EndGlobalSection
	GlobalSection(SolutionProperties) = preSolution
		HideSolutionNode = FALSE
	EndGlobalSection
	GlobalSection(ExtensibilityGlobals) = postSolution
		SolutionGuid = {B21D3DB8-CFAD-420D-85A0-AA2E7F9FA5A6}
	EndGlobalSection
EndGlobal
